
Microsoft Visual Studio Solution File, Format Version 12.00
# Visual Studio Version 17
VisualStudioVersion = 17.5.33424.131
MinimumVisualStudioVersion = 10.0.40219.1
Project("{8BC9CEB8-8B4A-11D0-8D11-00A0C91BC942}") = "230316_Homework", "230316_Homework\230316_Homework.vcxproj", "{E0AA2725-8D49-4C7F-BE9F-E6BEF7F4E8E1}"
EndProject
Project("{8BC9CEB8-8B4A-11D0-8D11-00A0C91BC942}") = "230317_Homework", "230317_Homework\230317_Homework.vcxproj", "{2E0DC0E8-EAD2-4053-94DD-36F8D362A96C}"
EndProject
Project("{8BC9CEB8-8B4A-11D0-8D11-00A0C91BC942}") = "230321_Homework", "230321_Homework\230321_Homework.vcxproj", "{99064E18-520F-41A3-88F3-8497B4239BE2}"
EndProject
Project("{8BC9CEB8-8B4A-11D0-8D11-00A0C91BC942}") = "230322_Homework", "230322_Homework\230322_Homework.vcxproj", "{95F2A3D0-236D-47AD-B4B1-7BC242ACD0BD}"
EndProject
Project("{8BC9CEB8-8B4A-11D0-8D11-00A0C91BC942}") = "230323_Homework", "230323_Homework\230323_Homework.vcxproj", "{8EE7049A-144F-4A6E-80B4-C4BD1EFE41E9}"
EndProject
Project("{8BC9CEB8-8B4A-11D0-8D11-00A0C91BC942}") = "230324_Homework", "230324_Homework\230324_Homework.vcxproj", "{D04620BD-60F2-401D-BD96-8CB1F1547270}"
EndProject
Project("{8BC9CEB8-8B4A-11D0-8D11-00A0C91BC942}") = "230327_Homework", "230327_Homework\230327_Homework.vcxproj", "{2E94EA43-8600-4CD1-AF21-F874A460F220}"
EndProject
Project("{8BC9CEB8-8B4A-11D0-8D11-00A0C91BC942}") = "230329_Homework", "230329_Homework\230329_Homework.vcxproj", "{4776182C-18E6-4E5F-8182-E8D3679D24CC}"
EndProject
Project("{8BC9CEB8-8B4A-11D0-8D11-00A0C91BC942}") = "230330_Homework", "230330_Homework\230330_Homework.vcxproj", "{9ABE26BF-ABB3-49AF-B029-483B78025549}"
EndProject
Project("{8BC9CEB8-8B4A-11D0-8D11-00A0C91BC942}") = "230331_Homework", "230331_Homework\230331_Homework.vcxproj", "{5DDEF02E-2545-4D94-825C-96A16FC631B8}"
EndProject
Project("{8BC9CEB8-8B4A-11D0-8D11-00A0C91BC942}") = "230405_Homework", "230405_Homework\230405_Homework.vcxproj", "{27DD616E-08A0-46AD-886F-2AC6945345C8}"
EndProject
Project("{2150E333-8FDC-42A3-9474-1A3956D46DE8}") = "Lib", "Lib", "{2C4C76FE-938A-48DD-BFC1-3946DB5CE80F}"
EndProject
Project("{8BC9CEB8-8B4A-11D0-8D11-00A0C91BC942}") = "230407_Homework", "230407_Homework\230407_Homework.vcxproj", "{94E0CBBA-7E6E-469F-BE04-759CA525BDC4}"
EndProject
Project("{8BC9CEB8-8B4A-11D0-8D11-00A0C91BC942}") = "StaticLib", "StaticLib\StaticLib.vcxproj", "{4341993B-562E-4EB9-ACA2-FA337D46FDAD}"
EndProject
Project("{8BC9CEB8-8B4A-11D0-8D11-00A0C91BC942}") = "230411_Homework", "230411_Homework\230411_Homework.vcxproj", "{7A44CEFD-5BEE-4C82-B9DA-F2A883589952}"
EndProject
Project("{8BC9CEB8-8B4A-11D0-8D11-00A0C91BC942}") = "230413_Homework", "230413_Homework\230413_Homework.vcxproj", "{888C8F60-00FB-49F1-A622-3E1DF332ED6F}"
EndProject
Project("{8BC9CEB8-8B4A-11D0-8D11-00A0C91BC942}") = "230414_Homework_1", "230414_Homework_1\230414_Homework_1.vcxproj", "{E99AAC6C-0474-40BF-A718-4930A867E1A0}"
EndProject
Project("{8BC9CEB8-8B4A-11D0-8D11-00A0C91BC942}") = "230414_Homework_2", "230414_Homework_2\230414_Homework_2.vcxproj", "{AF9A8665-3F37-4531-990F-93E50E017CA5}"
EndProject
Project("{8BC9CEB8-8B4A-11D0-8D11-00A0C91BC942}") = "Homework_lib", "Homework_lib\Homework_lib.vcxproj", "{F7C054FD-2B3E-47BD-BEC5-A438AE0E51DD}"
EndProject
Global
	GlobalSection(SolutionConfigurationPlatforms) = preSolution
		Debug|x64 = Debug|x64
		Debug|x86 = Debug|x86
		Release|x64 = Release|x64
		Release|x86 = Release|x86
	EndGlobalSection
	GlobalSection(ProjectConfigurationPlatforms) = postSolution
		{E0AA2725-8D49-4C7F-BE9F-E6BEF7F4E8E1}.Debug|x64.ActiveCfg = Debug|x64
		{E0AA2725-8D49-4C7F-BE9F-E6BEF7F4E8E1}.Debug|x64.Build.0 = Debug|x64
		{E0AA2725-8D49-4C7F-BE9F-E6BEF7F4E8E1}.Debug|x86.ActiveCfg = Debug|Win32
		{E0AA2725-8D49-4C7F-BE9F-E6BEF7F4E8E1}.Debug|x86.Build.0 = Debug|Win32
		{E0AA2725-8D49-4C7F-BE9F-E6BEF7F4E8E1}.Release|x64.ActiveCfg = Release|x64
		{E0AA2725-8D49-4C7F-BE9F-E6BEF7F4E8E1}.Release|x64.Build.0 = Release|x64
		{E0AA2725-8D49-4C7F-BE9F-E6BEF7F4E8E1}.Release|x86.ActiveCfg = Release|Win32
		{E0AA2725-8D49-4C7F-BE9F-E6BEF7F4E8E1}.Release|x86.Build.0 = Release|Win32
		{2E0DC0E8-EAD2-4053-94DD-36F8D362A96C}.Debug|x64.ActiveCfg = Debug|x64
		{2E0DC0E8-EAD2-4053-94DD-36F8D362A96C}.Debug|x64.Build.0 = Debug|x64
		{2E0DC0E8-EAD2-4053-94DD-36F8D362A96C}.Debug|x86.ActiveCfg = Debug|Win32
		{2E0DC0E8-EAD2-4053-94DD-36F8D362A96C}.Debug|x86.Build.0 = Debug|Win32
		{2E0DC0E8-EAD2-4053-94DD-36F8D362A96C}.Release|x64.ActiveCfg = Release|x64
		{2E0DC0E8-EAD2-4053-94DD-36F8D362A96C}.Release|x64.Build.0 = Release|x64
		{2E0DC0E8-EAD2-4053-94DD-36F8D362A96C}.Release|x86.ActiveCfg = Release|Win32
		{2E0DC0E8-EAD2-4053-94DD-36F8D362A96C}.Release|x86.Build.0 = Release|Win32
		{99064E18-520F-41A3-88F3-8497B4239BE2}.Debug|x64.ActiveCfg = Debug|x64
		{99064E18-520F-41A3-88F3-8497B4239BE2}.Debug|x64.Build.0 = Debug|x64
		{99064E18-520F-41A3-88F3-8497B4239BE2}.Debug|x86.ActiveCfg = Debug|Win32
		{99064E18-520F-41A3-88F3-8497B4239BE2}.Debug|x86.Build.0 = Debug|Win32
		{99064E18-520F-41A3-88F3-8497B4239BE2}.Release|x64.ActiveCfg = Release|x64
		{99064E18-520F-41A3-88F3-8497B4239BE2}.Release|x64.Build.0 = Release|x64
		{99064E18-520F-41A3-88F3-8497B4239BE2}.Release|x86.ActiveCfg = Release|Win32
		{99064E18-520F-41A3-88F3-8497B4239BE2}.Release|x86.Build.0 = Release|Win32
		{95F2A3D0-236D-47AD-B4B1-7BC242ACD0BD}.Debug|x64.ActiveCfg = Debug|x64
		{95F2A3D0-236D-47AD-B4B1-7BC242ACD0BD}.Debug|x64.Build.0 = Debug|x64
		{95F2A3D0-236D-47AD-B4B1-7BC242ACD0BD}.Debug|x86.ActiveCfg = Debug|Win32
		{95F2A3D0-236D-47AD-B4B1-7BC242ACD0BD}.Debug|x86.Build.0 = Debug|Win32
		{95F2A3D0-236D-47AD-B4B1-7BC242ACD0BD}.Release|x64.ActiveCfg = Release|x64
		{95F2A3D0-236D-47AD-B4B1-7BC242ACD0BD}.Release|x64.Build.0 = Release|x64
		{95F2A3D0-236D-47AD-B4B1-7BC242ACD0BD}.Release|x86.ActiveCfg = Release|Win32
		{95F2A3D0-236D-47AD-B4B1-7BC242ACD0BD}.Release|x86.Build.0 = Release|Win32
		{8EE7049A-144F-4A6E-80B4-C4BD1EFE41E9}.Debug|x64.ActiveCfg = Debug|x64
		{8EE7049A-144F-4A6E-80B4-C4BD1EFE41E9}.Debug|x64.Build.0 = Debug|x64
		{8EE7049A-144F-4A6E-80B4-C4BD1EFE41E9}.Debug|x86.ActiveCfg = Debug|Win32
		{8EE7049A-144F-4A6E-80B4-C4BD1EFE41E9}.Debug|x86.Build.0 = Debug|Win32
		{8EE7049A-144F-4A6E-80B4-C4BD1EFE41E9}.Release|x64.ActiveCfg = Release|x64
		{8EE7049A-144F-4A6E-80B4-C4BD1EFE41E9}.Release|x64.Build.0 = Release|x64
		{8EE7049A-144F-4A6E-80B4-C4BD1EFE41E9}.Release|x86.ActiveCfg = Release|Win32
		{8EE7049A-144F-4A6E-80B4-C4BD1EFE41E9}.Release|x86.Build.0 = Release|Win32
		{D04620BD-60F2-401D-BD96-8CB1F1547270}.Debug|x64.ActiveCfg = Debug|x64
		{D04620BD-60F2-401D-BD96-8CB1F1547270}.Debug|x64.Build.0 = Debug|x64
		{D04620BD-60F2-401D-BD96-8CB1F1547270}.Debug|x86.ActiveCfg = Debug|Win32
		{D04620BD-60F2-401D-BD96-8CB1F1547270}.Debug|x86.Build.0 = Debug|Win32
		{D04620BD-60F2-401D-BD96-8CB1F1547270}.Release|x64.ActiveCfg = Release|x64
		{D04620BD-60F2-401D-BD96-8CB1F1547270}.Release|x64.Build.0 = Release|x64
		{D04620BD-60F2-401D-BD96-8CB1F1547270}.Release|x86.ActiveCfg = Release|Win32
		{D04620BD-60F2-401D-BD96-8CB1F1547270}.Release|x86.Build.0 = Release|Win32
		{2E94EA43-8600-4CD1-AF21-F874A460F220}.Debug|x64.ActiveCfg = Debug|x64
		{2E94EA43-8600-4CD1-AF21-F874A460F220}.Debug|x64.Build.0 = Debug|x64
		{2E94EA43-8600-4CD1-AF21-F874A460F220}.Debug|x86.ActiveCfg = Debug|Win32
		{2E94EA43-8600-4CD1-AF21-F874A460F220}.Debug|x86.Build.0 = Debug|Win32
		{2E94EA43-8600-4CD1-AF21-F874A460F220}.Release|x64.ActiveCfg = Release|x64
		{2E94EA43-8600-4CD1-AF21-F874A460F220}.Release|x64.Build.0 = Release|x64
		{2E94EA43-8600-4CD1-AF21-F874A460F220}.Release|x86.ActiveCfg = Release|Win32
		{2E94EA43-8600-4CD1-AF21-F874A460F220}.Release|x86.Build.0 = Release|Win32
		{4776182C-18E6-4E5F-8182-E8D3679D24CC}.Debug|x64.ActiveCfg = Debug|x64
		{4776182C-18E6-4E5F-8182-E8D3679D24CC}.Debug|x64.Build.0 = Debug|x64
		{4776182C-18E6-4E5F-8182-E8D3679D24CC}.Debug|x86.ActiveCfg = Debug|Win32
		{4776182C-18E6-4E5F-8182-E8D3679D24CC}.Debug|x86.Build.0 = Debug|Win32
		{4776182C-18E6-4E5F-8182-E8D3679D24CC}.Release|x64.ActiveCfg = Release|x64
		{4776182C-18E6-4E5F-8182-E8D3679D24CC}.Release|x64.Build.0 = Release|x64
		{4776182C-18E6-4E5F-8182-E8D3679D24CC}.Release|x86.ActiveCfg = Release|Win32
		{4776182C-18E6-4E5F-8182-E8D3679D24CC}.Release|x86.Build.0 = Release|Win32
		{9ABE26BF-ABB3-49AF-B029-483B78025549}.Debug|x64.ActiveCfg = Debug|x64
		{9ABE26BF-ABB3-49AF-B029-483B78025549}.Debug|x64.Build.0 = Debug|x64
		{9ABE26BF-ABB3-49AF-B029-483B78025549}.Debug|x86.ActiveCfg = Debug|Win32
		{9ABE26BF-ABB3-49AF-B029-483B78025549}.Debug|x86.Build.0 = Debug|Win32
		{9ABE26BF-ABB3-49AF-B029-483B78025549}.Release|x64.ActiveCfg = Release|x64
		{9ABE26BF-ABB3-49AF-B029-483B78025549}.Release|x64.Build.0 = Release|x64
		{9ABE26BF-ABB3-49AF-B029-483B78025549}.Release|x86.ActiveCfg = Release|Win32
		{9ABE26BF-ABB3-49AF-B029-483B78025549}.Release|x86.Build.0 = Release|Win32
		{5DDEF02E-2545-4D94-825C-96A16FC631B8}.Debug|x64.ActiveCfg = Debug|x64
		{5DDEF02E-2545-4D94-825C-96A16FC631B8}.Debug|x64.Build.0 = Debug|x64
		{5DDEF02E-2545-4D94-825C-96A16FC631B8}.Debug|x86.ActiveCfg = Debug|Win32
		{5DDEF02E-2545-4D94-825C-96A16FC631B8}.Debug|x86.Build.0 = Debug|Win32
		{5DDEF02E-2545-4D94-825C-96A16FC631B8}.Release|x64.ActiveCfg = Release|x64
		{5DDEF02E-2545-4D94-825C-96A16FC631B8}.Release|x64.Build.0 = Release|x64
		{5DDEF02E-2545-4D94-825C-96A16FC631B8}.Release|x86.ActiveCfg = Release|Win32
		{5DDEF02E-2545-4D94-825C-96A16FC631B8}.Release|x86.Build.0 = Release|Win32
		{27DD616E-08A0-46AD-886F-2AC6945345C8}.Debug|x64.ActiveCfg = Debug|x64
		{27DD616E-08A0-46AD-886F-2AC6945345C8}.Debug|x64.Build.0 = Debug|x64
		{27DD616E-08A0-46AD-886F-2AC6945345C8}.Debug|x86.ActiveCfg = Debug|Win32
		{27DD616E-08A0-46AD-886F-2AC6945345C8}.Debug|x86.Build.0 = Debug|Win32
		{27DD616E-08A0-46AD-886F-2AC6945345C8}.Release|x64.ActiveCfg = Release|x64
		{27DD616E-08A0-46AD-886F-2AC6945345C8}.Release|x64.Build.0 = Release|x64
		{27DD616E-08A0-46AD-886F-2AC6945345C8}.Release|x86.ActiveCfg = Release|Win32
		{27DD616E-08A0-46AD-886F-2AC6945345C8}.Release|x86.Build.0 = Release|Win32
		{94E0CBBA-7E6E-469F-BE04-759CA525BDC4}.Debug|x64.ActiveCfg = Debug|x64
		{94E0CBBA-7E6E-469F-BE04-759CA525BDC4}.Debug|x64.Build.0 = Debug|x64
		{94E0CBBA-7E6E-469F-BE04-759CA525BDC4}.Debug|x86.ActiveCfg = Debug|Win32
		{94E0CBBA-7E6E-469F-BE04-759CA525BDC4}.Debug|x86.Build.0 = Debug|Win32
		{94E0CBBA-7E6E-469F-BE04-759CA525BDC4}.Release|x64.ActiveCfg = Release|x64
		{94E0CBBA-7E6E-469F-BE04-759CA525BDC4}.Release|x64.Build.0 = Release|x64
		{94E0CBBA-7E6E-469F-BE04-759CA525BDC4}.Release|x86.ActiveCfg = Release|Win32
		{94E0CBBA-7E6E-469F-BE04-759CA525BDC4}.Release|x86.Build.0 = Release|Win32
		{4341993B-562E-4EB9-ACA2-FA337D46FDAD}.Debug|x64.ActiveCfg = Debug|x64
		{4341993B-562E-4EB9-ACA2-FA337D46FDAD}.Debug|x64.Build.0 = Debug|x64
		{4341993B-562E-4EB9-ACA2-FA337D46FDAD}.Debug|x86.ActiveCfg = Debug|Win32
		{4341993B-562E-4EB9-ACA2-FA337D46FDAD}.Debug|x86.Build.0 = Debug|Win32
		{4341993B-562E-4EB9-ACA2-FA337D46FDAD}.Release|x64.ActiveCfg = Release|x64
		{4341993B-562E-4EB9-ACA2-FA337D46FDAD}.Release|x64.Build.0 = Release|x64
		{4341993B-562E-4EB9-ACA2-FA337D46FDAD}.Release|x86.ActiveCfg = Release|Win32
		{4341993B-562E-4EB9-ACA2-FA337D46FDAD}.Release|x86.Build.0 = Release|Win32
		{7A44CEFD-5BEE-4C82-B9DA-F2A883589952}.Debug|x64.ActiveCfg = Debug|x64
		{7A44CEFD-5BEE-4C82-B9DA-F2A883589952}.Debug|x64.Build.0 = Debug|x64
		{7A44CEFD-5BEE-4C82-B9DA-F2A883589952}.Debug|x86.ActiveCfg = Debug|Win32
		{7A44CEFD-5BEE-4C82-B9DA-F2A883589952}.Debug|x86.Build.0 = Debug|Win32
		{7A44CEFD-5BEE-4C82-B9DA-F2A883589952}.Release|x64.ActiveCfg = Release|x64
		{7A44CEFD-5BEE-4C82-B9DA-F2A883589952}.Release|x64.Build.0 = Release|x64
		{7A44CEFD-5BEE-4C82-B9DA-F2A883589952}.Release|x86.ActiveCfg = Release|Win32
		{7A44CEFD-5BEE-4C82-B9DA-F2A883589952}.Release|x86.Build.0 = Release|Win32
		{888C8F60-00FB-49F1-A622-3E1DF332ED6F}.Debug|x64.ActiveCfg = Debug|x64
		{888C8F60-00FB-49F1-A622-3E1DF332ED6F}.Debug|x64.Build.0 = Debug|x64
		{888C8F60-00FB-49F1-A622-3E1DF332ED6F}.Debug|x86.ActiveCfg = Debug|Win32
		{888C8F60-00FB-49F1-A622-3E1DF332ED6F}.Debug|x86.Build.0 = Debug|Win32
		{888C8F60-00FB-49F1-A622-3E1DF332ED6F}.Release|x64.ActiveCfg = Release|x64
		{888C8F60-00FB-49F1-A622-3E1DF332ED6F}.Release|x64.Build.0 = Release|x64
		{888C8F60-00FB-49F1-A622-3E1DF332ED6F}.Release|x86.ActiveCfg = Release|Win32
		{888C8F60-00FB-49F1-A622-3E1DF332ED6F}.Release|x86.Build.0 = Release|Win32
		{E99AAC6C-0474-40BF-A718-4930A867E1A0}.Debug|x64.ActiveCfg = Debug|x64
		{E99AAC6C-0474-40BF-A718-4930A867E1A0}.Debug|x64.Build.0 = Debug|x64
		{E99AAC6C-0474-40BF-A718-4930A867E1A0}.Debug|x86.ActiveCfg = Debug|Win32
		{E99AAC6C-0474-40BF-A718-4930A867E1A0}.Debug|x86.Build.0 = Debug|Win32
		{E99AAC6C-0474-40BF-A718-4930A867E1A0}.Release|x64.ActiveCfg = Release|x64
		{E99AAC6C-0474-40BF-A718-4930A867E1A0}.Release|x64.Build.0 = Release|x64
		{E99AAC6C-0474-40BF-A718-4930A867E1A0}.Release|x86.ActiveCfg = Release|Win32
		{E99AAC6C-0474-40BF-A718-4930A867E1A0}.Release|x86.Build.0 = Release|Win32
		{AF9A8665-3F37-4531-990F-93E50E017CA5}.Debug|x64.ActiveCfg = Debug|x64
		{AF9A8665-3F37-4531-990F-93E50E017CA5}.Debug|x64.Build.0 = Debug|x64
		{AF9A8665-3F37-4531-990F-93E50E017CA5}.Debug|x86.ActiveCfg = Debug|Win32
		{AF9A8665-3F37-4531-990F-93E50E017CA5}.Debug|x86.Build.0 = Debug|Win32
		{AF9A8665-3F37-4531-990F-93E50E017CA5}.Release|x64.ActiveCfg = Release|x64
		{AF9A8665-3F37-4531-990F-93E50E017CA5}.Release|x64.Build.0 = Release|x64
		{AF9A8665-3F37-4531-990F-93E50E017CA5}.Release|x86.ActiveCfg = Release|Win32
		{AF9A8665-3F37-4531-990F-93E50E017CA5}.Release|x86.Build.0 = Release|Win32
		{F7C054FD-2B3E-47BD-BEC5-A438AE0E51DD}.Debug|x64.ActiveCfg = Debug|x64
		{F7C054FD-2B3E-47BD-BEC5-A438AE0E51DD}.Debug|x64.Build.0 = Debug|x64
		{F7C054FD-2B3E-47BD-BEC5-A438AE0E51DD}.Debug|x86.ActiveCfg = Debug|Win32
		{F7C054FD-2B3E-47BD-BEC5-A438AE0E51DD}.Debug|x86.Build.0 = Debug|Win32
		{F7C054FD-2B3E-47BD-BEC5-A438AE0E51DD}.Release|x64.ActiveCfg = Release|x64
		{F7C054FD-2B3E-47BD-BEC5-A438AE0E51DD}.Release|x64.Build.0 = Release|x64
		{F7C054FD-2B3E-47BD-BEC5-A438AE0E51DD}.Release|x86.ActiveCfg = Release|Win32
		{F7C054FD-2B3E-47BD-BEC5-A438AE0E51DD}.Release|x86.Build.0 = Release|Win32
	EndGlobalSection
	GlobalSection(SolutionProperties) = preSolution
		HideSolutionNode = FALSE
	EndGlobalSection
	GlobalSection(NestedProjects) = preSolution
		{4341993B-562E-4EB9-ACA2-FA337D46FDAD} = {2C4C76FE-938A-48DD-BFC1-3946DB5CE80F}
		{F7C054FD-2B3E-47BD-BEC5-A438AE0E51DD} = {2C4C76FE-938A-48DD-BFC1-3946DB5CE80F}
	EndGlobalSection
	GlobalSection(ExtensibilityGlobals) = postSolution
		SolutionGuid = {00D70510-9B12-46A7-914D-A2C9AC036B9A}
	EndGlobalSection
EndGlobal
