
Microsoft Visual Studio Solution File, Format Version 12.00
# Visual Studio Version 17
VisualStudioVersion = 17.5.33530.505
MinimumVisualStudioVersion = 10.0.40219.1
Project("{8BC9CEB8-8B4A-11D0-8D11-00A0C91BC942}") = "StaticLibrary", "StaticLibrary\StaticLibrary.vcxproj", "{F703DA0B-0F76-4BFB-8A9D-FE6221B65022}"
EndProject
Project("{8BC9CEB8-8B4A-11D0-8D11-00A0C91BC942}") = "Homework_Bomb", "Homework_Bomb\Homework_Bomb.vcxproj", "{7E00165A-FCB0-4776-A99C-A730F962F60A}"
EndProject
Project("{8BC9CEB8-8B4A-11D0-8D11-00A0C91BC942}") = "Homework_Snake", "Homework_Snake\Homework_Snake.vcxproj", "{C2BD6C1E-A163-42D0-B9E1-E36F57D6C123}"
EndProject
Project("{2150E333-8FDC-42A3-9474-1A3956D46DE8}") = "Library", "Library", "{BCAD443B-3BFD-402B-9A15-2A25B608B6D7}"
EndProject
Project("{8BC9CEB8-8B4A-11D0-8D11-00A0C91BC942}") = "Homework_Map", "Homework_Map\Homework_Map.vcxproj", "{9F026AF2-C577-4AC0-AD71-FE3F3D7932C4}"
EndProject
Global
	GlobalSection(SolutionConfigurationPlatforms) = preSolution
		Debug|x64 = Debug|x64
		Debug|x86 = Debug|x86
		Release|x64 = Release|x64
		Release|x86 = Release|x86
	EndGlobalSection
	GlobalSection(ProjectConfigurationPlatforms) = postSolution
		{F703DA0B-0F76-4BFB-8A9D-FE6221B65022}.Debug|x64.ActiveCfg = Debug|x64
		{F703DA0B-0F76-4BFB-8A9D-FE6221B65022}.Debug|x64.Build.0 = Debug|x64
		{F703DA0B-0F76-4BFB-8A9D-FE6221B65022}.Debug|x86.ActiveCfg = Debug|Win32
		{F703DA0B-0F76-4BFB-8A9D-FE6221B65022}.Debug|x86.Build.0 = Debug|Win32
		{F703DA0B-0F76-4BFB-8A9D-FE6221B65022}.Release|x64.ActiveCfg = Release|x64
		{F703DA0B-0F76-4BFB-8A9D-FE6221B65022}.Release|x64.Build.0 = Release|x64
		{F703DA0B-0F76-4BFB-8A9D-FE6221B65022}.Release|x86.ActiveCfg = Release|Win32
		{F703DA0B-0F76-4BFB-8A9D-FE6221B65022}.Release|x86.Build.0 = Release|Win32
		{7E00165A-FCB0-4776-A99C-A730F962F60A}.Debug|x64.ActiveCfg = Debug|x64
		{7E00165A-FCB0-4776-A99C-A730F962F60A}.Debug|x64.Build.0 = Debug|x64
		{7E00165A-FCB0-4776-A99C-A730F962F60A}.Debug|x86.ActiveCfg = Debug|Win32
		{7E00165A-FCB0-4776-A99C-A730F962F60A}.Debug|x86.Build.0 = Debug|Win32
		{7E00165A-FCB0-4776-A99C-A730F962F60A}.Release|x64.ActiveCfg = Release|x64
		{7E00165A-FCB0-4776-A99C-A730F962F60A}.Release|x64.Build.0 = Release|x64
		{7E00165A-FCB0-4776-A99C-A730F962F60A}.Release|x86.ActiveCfg = Release|Win32
		{7E00165A-FCB0-4776-A99C-A730F962F60A}.Release|x86.Build.0 = Release|Win32
		{C2BD6C1E-A163-42D0-B9E1-E36F57D6C123}.Debug|x64.ActiveCfg = Debug|x64
		{C2BD6C1E-A163-42D0-B9E1-E36F57D6C123}.Debug|x64.Build.0 = Debug|x64
		{C2BD6C1E-A163-42D0-B9E1-E36F57D6C123}.Debug|x86.ActiveCfg = Debug|Win32
		{C2BD6C1E-A163-42D0-B9E1-E36F57D6C123}.Debug|x86.Build.0 = Debug|Win32
		{C2BD6C1E-A163-42D0-B9E1-E36F57D6C123}.Release|x64.ActiveCfg = Release|x64
		{C2BD6C1E-A163-42D0-B9E1-E36F57D6C123}.Release|x64.Build.0 = Release|x64
		{C2BD6C1E-A163-42D0-B9E1-E36F57D6C123}.Release|x86.ActiveCfg = Release|Win32
		{C2BD6C1E-A163-42D0-B9E1-E36F57D6C123}.Release|x86.Build.0 = Release|Win32
		{9F026AF2-C577-4AC0-AD71-FE3F3D7932C4}.Debug|x64.ActiveCfg = Debug|x64
		{9F026AF2-C577-4AC0-AD71-FE3F3D7932C4}.Debug|x64.Build.0 = Debug|x64
		{9F026AF2-C577-4AC0-AD71-FE3F3D7932C4}.Debug|x86.ActiveCfg = Debug|Win32
		{9F026AF2-C577-4AC0-AD71-FE3F3D7932C4}.Debug|x86.Build.0 = Debug|Win32
		{9F026AF2-C577-4AC0-AD71-FE3F3D7932C4}.Release|x64.ActiveCfg = Release|x64
		{9F026AF2-C577-4AC0-AD71-FE3F3D7932C4}.Release|x64.Build.0 = Release|x64
		{9F026AF2-C577-4AC0-AD71-FE3F3D7932C4}.Release|x86.ActiveCfg = Release|Win32
		{9F026AF2-C577-4AC0-AD71-FE3F3D7932C4}.Release|x86.Build.0 = Release|Win32
	EndGlobalSection
	GlobalSection(SolutionProperties) = preSolution
		HideSolutionNode = FALSE
	EndGlobalSection
	GlobalSection(NestedProjects) = preSolution
		{F703DA0B-0F76-4BFB-8A9D-FE6221B65022} = {BCAD443B-3BFD-402B-9A15-2A25B608B6D7}
	EndGlobalSection
	GlobalSection(ExtensibilityGlobals) = postSolution
		SolutionGuid = {197DCD58-E994-42D7-9415-539572457058}
	EndGlobalSection
EndGlobal
