
Microsoft Visual Studio Solution File, Format Version 12.00
# Visual Studio Version 17
VisualStudioVersion = 17.5.33424.131
MinimumVisualStudioVersion = 10.0.40219.1
Project("{8BC9CEB8-8B4A-11D0-8D11-00A0C91BC942}") = "230316_Homework", "230316_Homework\230316_Homework.vcxproj", "{E0AA2725-8D49-4C7F-BE9F-E6BEF7F4E8E1}"
EndProject
Project("{8BC9CEB8-8B4A-11D0-8D11-00A0C91BC942}") = "230317_Homework", "230317_Homework\230317_Homework.vcxproj", "{2E0DC0E8-EAD2-4053-94DD-36F8D362A96C}"
EndProject
Project("{8BC9CEB8-8B4A-11D0-8D11-00A0C91BC942}") = "230321_Homework", "230321_Homework\230321_Homework.vcxproj", "{99064E18-520F-41A3-88F3-8497B4239BE2}"
EndProject
Project("{8BC9CEB8-8B4A-11D0-8D11-00A0C91BC942}") = "230322_Homework", "230322_Homework\230322_Homework.vcxproj", "{95F2A3D0-236D-47AD-B4B1-7BC242ACD0BD}"
EndProject
Global
	GlobalSection(SolutionConfigurationPlatforms) = preSolution
		Debug|x64 = Debug|x64
		Debug|x86 = Debug|x86
		Release|x64 = Release|x64
		Release|x86 = Release|x86
	EndGlobalSection
	GlobalSection(ProjectConfigurationPlatforms) = postSolution
		{E0AA2725-8D49-4C7F-BE9F-E6BEF7F4E8E1}.Debug|x64.ActiveCfg = Debug|x64
		{E0AA2725-8D49-4C7F-BE9F-E6BEF7F4E8E1}.Debug|x64.Build.0 = Debug|x64
		{E0AA2725-8D49-4C7F-BE9F-E6BEF7F4E8E1}.Debug|x86.ActiveCfg = Debug|Win32
		{E0AA2725-8D49-4C7F-BE9F-E6BEF7F4E8E1}.Debug|x86.Build.0 = Debug|Win32
		{E0AA2725-8D49-4C7F-BE9F-E6BEF7F4E8E1}.Release|x64.ActiveCfg = Release|x64
		{E0AA2725-8D49-4C7F-BE9F-E6BEF7F4E8E1}.Release|x64.Build.0 = Release|x64
		{E0AA2725-8D49-4C7F-BE9F-E6BEF7F4E8E1}.Release|x86.ActiveCfg = Release|Win32
		{E0AA2725-8D49-4C7F-BE9F-E6BEF7F4E8E1}.Release|x86.Build.0 = Release|Win32
		{2E0DC0E8-EAD2-4053-94DD-36F8D362A96C}.Debug|x64.ActiveCfg = Debug|x64
		{2E0DC0E8-EAD2-4053-94DD-36F8D362A96C}.Debug|x64.Build.0 = Debug|x64
		{2E0DC0E8-EAD2-4053-94DD-36F8D362A96C}.Debug|x86.ActiveCfg = Debug|Win32
		{2E0DC0E8-EAD2-4053-94DD-36F8D362A96C}.Debug|x86.Build.0 = Debug|Win32
		{2E0DC0E8-EAD2-4053-94DD-36F8D362A96C}.Release|x64.ActiveCfg = Release|x64
		{2E0DC0E8-EAD2-4053-94DD-36F8D362A96C}.Release|x64.Build.0 = Release|x64
		{2E0DC0E8-EAD2-4053-94DD-36F8D362A96C}.Release|x86.ActiveCfg = Release|Win32
		{2E0DC0E8-EAD2-4053-94DD-36F8D362A96C}.Release|x86.Build.0 = Release|Win32
		{99064E18-520F-41A3-88F3-8497B4239BE2}.Debug|x64.ActiveCfg = Debug|x64
		{99064E18-520F-41A3-88F3-8497B4239BE2}.Debug|x64.Build.0 = Debug|x64
		{99064E18-520F-41A3-88F3-8497B4239BE2}.Debug|x86.ActiveCfg = Debug|Win32
		{99064E18-520F-41A3-88F3-8497B4239BE2}.Debug|x86.Build.0 = Debug|Win32
		{99064E18-520F-41A3-88F3-8497B4239BE2}.Release|x64.ActiveCfg = Release|x64
		{99064E18-520F-41A3-88F3-8497B4239BE2}.Release|x64.Build.0 = Release|x64
		{99064E18-520F-41A3-88F3-8497B4239BE2}.Release|x86.ActiveCfg = Release|Win32
		{99064E18-520F-41A3-88F3-8497B4239BE2}.Release|x86.Build.0 = Release|Win32
		{95F2A3D0-236D-47AD-B4B1-7BC242ACD0BD}.Debug|x64.ActiveCfg = Debug|x64
		{95F2A3D0-236D-47AD-B4B1-7BC242ACD0BD}.Debug|x64.Build.0 = Debug|x64
		{95F2A3D0-236D-47AD-B4B1-7BC242ACD0BD}.Debug|x86.ActiveCfg = Debug|Win32
		{95F2A3D0-236D-47AD-B4B1-7BC242ACD0BD}.Debug|x86.Build.0 = Debug|Win32
		{95F2A3D0-236D-47AD-B4B1-7BC242ACD0BD}.Release|x64.ActiveCfg = Release|x64
		{95F2A3D0-236D-47AD-B4B1-7BC242ACD0BD}.Release|x64.Build.0 = Release|x64
		{95F2A3D0-236D-47AD-B4B1-7BC242ACD0BD}.Release|x86.ActiveCfg = Release|Win32
		{95F2A3D0-236D-47AD-B4B1-7BC242ACD0BD}.Release|x86.Build.0 = Release|Win32
	EndGlobalSection
	GlobalSection(SolutionProperties) = preSolution
		HideSolutionNode = FALSE
	EndGlobalSection
	GlobalSection(ExtensibilityGlobals) = postSolution
		SolutionGuid = {00D70510-9B12-46A7-914D-A2C9AC036B9A}
	EndGlobalSection
EndGlobal
