<?xml version="1.0" encoding="utf-8"?>
<Project ToolsVersion="4.0" xmlns="http://schemas.microsoft.com/developer/msbuild/2003">
  <ItemGroup>
    <ClInclude Include="Enum.h" />
    <ClInclude Include="Snake.h" />
    <ClInclude Include="Parts.h" />
  </ItemGroup>
  <ItemGroup>
    <ClCompile Include="main.cpp" />
    <ClCompile Include="Snake.cpp" />
    <ClCompile Include="Parts.cpp" />
  </ItemGroup>
</Project>