<?xml version="1.0" encoding="utf-8"?>
<Project ToolsVersion="4.0" xmlns="http://schemas.microsoft.com/developer/msbuild/2003">
  <ItemGroup>
    <ClCompile Include="GameEngineDebug.cpp">
      <Filter>GameEngine</Filter>
    </ClCompile>
    <ClCompile Include="ConsoleGameObject.cpp">
      <Filter>ConsoleGame</Filter>
    </ClCompile>
    <ClCompile Include="ConsoleGameScreen.cpp">
      <Filter>ConsoleGame</Filter>
    </ClCompile>
    <ClCompile Include="ConsoleGameMath.cpp">
      <Filter>ConsoleGame</Filter>
    </ClCompile>
  </ItemGroup>
  <ItemGroup>
    <ClInclude Include="GameEngineArray.h">
      <Filter>GameEngine</Filter>
    </ClInclude>
    <ClInclude Include="GameEngineDebug.h">
      <Filter>GameEngine</Filter>
    </ClInclude>
    <ClInclude Include="ConsoleGameMath.h">
      <Filter>ConsoleGame</Filter>
    </ClInclude>
    <ClInclude Include="ConsoleGameObject.h">
      <Filter>ConsoleGame</Filter>
    </ClInclude>
    <ClInclude Include="ConsoleGameScreen.h">
      <Filter>ConsoleGame</Filter>
    </ClInclude>
    <ClInclude Include="GameEngineList.h">
      <Filter>GameEngine</Filter>
    </ClInclude>
  </ItemGroup>
  <ItemGroup>
    <Filter Include="GameEngine">
      <UniqueIdentifier>{c30a8fb9-6645-4867-af50-94c1de329cf0}</UniqueIdentifier>
    </Filter>
    <Filter Include="ConsoleGame">
      <UniqueIdentifier>{3bf0a694-57a2-4edc-a922-b3c5007a6608}</UniqueIdentifier>
    </Filter>
  </ItemGroup>
</Project>